# This file is autogenerated, do not edit; changes may be undone by the next 'dep ensure'.


[[projects]]
  branch = "master"
  name = "github.com/go-akka/configuration"
  packages = [".","hocon"]
  revision = "755180b9a146a94d76051113e9624bdc8327c499"

[[projects]]
  branch = "master"
  name = "github.com/gogap/logrus_mate"
  packages = ["."]
  revision = "e0cf2531d6c27c75074c7cb643c099341e78e3ed"

[[projects]]
  branch = "master"
  name = "github.com/orcaman/concurrent-map"
  packages = ["."]
  revision = "d4c23bd0e01134806215ffe65ba3fd22ec6721f7"

[[projects]]
  name = "github.com/sirupsen/logrus"
  packages = ["."]
  revision = "f006c2ac4710855cf0f916dd6b77acf6b048dc6e"
  version = "v1.0.3"

[[projects]]
  branch = "master"
  name = "golang.org/x/crypto"
  packages = ["ssh/terminal"]
  revision = "94eea52f7b742c7cbe0b03b22f0c4c8631ece122"

[[projects]]
  branch = "master"
  name = "golang.org/x/sys"
  packages = ["unix","windows"]
  revision = "8b4580aae2a0dd0c231a45d3ccb8434ff533b840"

[solve-meta]
  analyzer-name = "dep"
  analyzer-version = 1
  inputs-digest = "9488a00ed30e658f264608317928bc1cf051b22af567ce2d22124dfbaf20b1e3"
  solver-name = "gps-cdcl"
  solver-version = 1
